
Microsoft Visual Studio Solution File, Format Version 12.00
# Visual Studio Version 17
VisualStudioVersion = 17.13.35913.81 d17.13
MinimumVisualStudioVersion = 10.0.40219.1
Project("{FAE04EC0-301F-11D3-BF4B-00C04F79EFBC}") = "BlazorApp1", "..\..\Repos\runceel\BlazorAndWebApi\BlazorApp1\BlazorApp1\BlazorApp1.csproj", "{E54A78EE-EC05-47DD-B4BC-5B0003C1ABDE}"
EndProject
Global
	GlobalSection(SolutionConfigurationPlatforms) = preSolution
		Debug|Any CPU = Debug|Any CPU
		Release|Any CPU = Release|Any CPU
	EndGlobalSection
	GlobalSection(ProjectConfigurationPlatforms) = postSolution
		{E54A78EE-EC05-47DD-B4BC-5B0003C1ABDE}.Debug|Any CPU.ActiveCfg = Debug|Any CPU
		{E54A78EE-EC05-47DD-B4BC-5B0003C1ABDE}.Debug|Any CPU.Build.0 = Debug|Any CPU
		{E54A78EE-EC05-47DD-B4BC-5B0003C1ABDE}.Release|Any CPU.ActiveCfg = Release|Any CPU
		{E54A78EE-EC05-47DD-B4BC-5B0003C1ABDE}.Release|Any CPU.Build.0 = Release|Any CPU
	EndGlobalSection
	GlobalSection(SolutionProperties) = preSolution
		HideSolutionNode = FALSE
	EndGlobalSection
	GlobalSection(ExtensibilityGlobals) = postSolution
		SolutionGuid = {DC4F4EB6-4D57-48FF-A95E-748CF1B53407}
	EndGlobalSection
EndGlobal
